{"SurveyEntry":{"SurveyID":"SV_3C3oA7KPNcvwhPn","SurveyName":"Alexa skill test survey","SurveyDescription":null,"SurveyOwnerID":"UR_5o6JMsvGKd2gybz","SurveyBrandID":"xmdemo","DivisionID":null,"SurveyLanguage":"EN","SurveyActiveResponseSet":"RS_8iFMeWCzK33hGkt","SurveyStatus":"Active","SurveyStartDate":"0000-00-00 00:00:00","SurveyExpirationDate":"0000-00-00 00:00:00","SurveyCreationDate":"2020-03-02 14:29:42","CreatorID":"UR_5o6JMsvGKd2gybz","LastModified":"2020-04-17 19:13:07","LastAccessed":"0000-00-00 00:00:00","LastActivated":"2020-03-02 14:54:17","Deleted":null},"SurveyElements":[{"SurveyID":"SV_3C3oA7KPNcvwhPn","Element":"BL","PrimaryAttribute":"Survey Blocks","SecondaryAttribute":null,"TertiaryAttribute":null,"Payload":[{"Type":"Default","Description":"Default Question Block","ID":"BL_d6A9ZcJTln1Ihxj","BlockElements":[{"Type":"Question","QuestionID":"QID8"},{"Type":"Question","QuestionID":"QID7"},{"Type":"Question","QuestionID":"QID16"},{"Type":"Question","QuestionID":"QID5"}]},{"Type":"Trash","Description":"Trash \/ Unused Questions","ID":"BL_5w3c7NkabkYHE2x","BlockElements":[{"Type":"Question","QuestionID":"QID3"},{"Type":"Question","QuestionID":"QID2"},{"Type":"Question","QuestionID":"QID6"},{"Type":"Question","QuestionID":"QID4"},{"Type":"Question","QuestionID":"QID10"},{"Type":"Question","QuestionID":"QID9"},{"Type":"Question","QuestionID":"QID1"},{"Type":"Question","QuestionID":"QID11"},{"Type":"Question","QuestionID":"QID12"},{"Type":"Question","QuestionID":"QID13"},{"Type":"Question","QuestionID":"QID14"},{"Type":"Question","QuestionID":"QID15"}]}]},{"SurveyID":"SV_3C3oA7KPNcvwhPn","Element":"FL","PrimaryAttribute":"Survey Flow","SecondaryAttribute":null,"TertiaryAttribute":null,"Payload":{"Type":"Root","FlowID":"FL_1","Flow":[{"Type":"Block","ID":"BL_d6A9ZcJTln1Ihxj","FlowID":"FL_2"},{"Type":"EmbeddedData","FlowID":"FL_3","EmbeddedData":[{"Description":"DeviceIdentifier","Type":"Recipient","Field":"DeviceIdentifier","VariableType":"String","DataVisibility":[],"AnalyzeText":false},{"Description":"RecipientFirstName","Type":"Recipient","Field":"RecipientFirstName","VariableType":"String","DataVisibility":[],"AnalyzeText":false},{"Description":"RecipientEmail","Type":"Recipient","Field":"RecipientEmail","VariableType":"String","DataVisibility":[],"AnalyzeText":false}]}],"Properties":{"Count":3,"RemovedFieldsets":[]}}},{"SurveyID":"SV_3C3oA7KPNcvwhPn","Element":"SO","PrimaryAttribute":"Survey Options","SecondaryAttribute":null,"TertiaryAttribute":null,"Payload":{"BackButton":"false","SaveAndContinue":"true","SurveyProtection":"PublicSurvey","BallotBoxStuffingPrevention":"false","NoIndex":"Yes","SecureResponseFiles":"true","SurveyExpiration":"None","SurveyTermination":"DefaultMessage","Header":"","Footer":"","ProgressBarDisplay":"None","PartialData":"+1 week","ValidationMessage":"","PreviousButton":" \u2190 ","NextButton":" \u2192 ","SurveyTitle":"Online Survey Software | Qualtrics Survey Solutions","SkinLibrary":"Qualtrics","SkinType":"MQ","Skin":"v4qualtrics1","NewScoring":1,"SurveyName":"Alexa skill test survey","ProtectSelectionIds":true}},{"SurveyID":"SV_3C3oA7KPNcvwhPn","Element":"SCO","PrimaryAttribute":"Scoring","SecondaryAttribute":null,"TertiaryAttribute":null,"Payload":{"ScoringCategories":[],"ScoringCategoryGroups":[],"ScoringSummaryCategory":null,"ScoringSummaryAfterQuestions":0,"ScoringSummaryAfterSurvey":0,"DefaultScoringCategory":null,"AutoScoringCategory":null}},{"SurveyID":"SV_3C3oA7KPNcvwhPn","Element":"PROJ","PrimaryAttribute":"CORE","SecondaryAttribute":null,"TertiaryAttribute":"1.1.0","Payload":{"ProjectCategory":"CORE","SchemaVersion":"1.1.0"}},{"SurveyID":"SV_3C3oA7KPNcvwhPn","Element":"STAT","PrimaryAttribute":"Survey Statistics","SecondaryAttribute":null,"TertiaryAttribute":null,"Payload":{"MobileCompatible":true,"ID":"Survey Statistics"}},{"SurveyID":"SV_3C3oA7KPNcvwhPn","Element":"QC","PrimaryAttribute":"Survey Question Count","SecondaryAttribute":"16","TertiaryAttribute":null,"Payload":null},{"SurveyID":"SV_3C3oA7KPNcvwhPn","Element":"SQ","PrimaryAttribute":"QID3","SecondaryAttribute":"Click to write the question text","TertiaryAttribute":null,"Payload":{"QuestionText":"Click to write the question text","DefaultChoices":false,"DataExportTag":"Q3","QuestionType":"DB","Selector":"TB","Configuration":{"QuestionDescriptionOption":"UseText"},"QuestionDescription":"Click to write the question text","ChoiceOrder":[],"Validation":{"Settings":{"Type":"None"}},"GradingData":[],"Language":[],"NextChoiceId":4,"NextAnswerId":1,"QuestionID":"QID3"}},{"SurveyID":"SV_3C3oA7KPNcvwhPn","Element":"SQ","PrimaryAttribute":"QID9","SecondaryAttribute":"Click to write the question text","TertiaryAttribute":null,"Payload":{"QuestionText":"Click to write the question text","DataExportTag":"Q9","QuestionType":"MC","Selector":"SAVR","SubSelector":"TX","Configuration":{"QuestionDescriptionOption":"UseText"},"QuestionDescription":"Click to write the question text","Choices":{"1":{"Display":"Click to write Choice 1"},"2":{"Display":"Click to write Choice 2"},"3":{"Display":"Click to write Choice 3"}},"ChoiceOrder":["1","2","3"],"Validation":{"Settings":{"ForceResponse":"OFF","ForceResponseType":"ON","Type":"None"}},"Language":[],"NextChoiceId":4,"NextAnswerId":1,"QuestionID":"QID9"}},{"SurveyID":"SV_3C3oA7KPNcvwhPn","Element":"SQ","PrimaryAttribute":"QID10","SecondaryAttribute":"Click to write the question text","TertiaryAttribute":null,"Payload":{"QuestionText":"Click to write the question text","DataExportTag":"Q10","QuestionType":"MC","Selector":"SAVR","SubSelector":"TX","Configuration":{"QuestionDescriptionOption":"UseText"},"QuestionDescription":"Click to write the question text","Choices":{"1":{"Display":"Click to write Choice 1"},"2":{"Display":"Click to write Choice 2"},"3":{"Display":"Click to write Choice 3"}},"ChoiceOrder":["1","2","3"],"Validation":{"Settings":{"ForceResponse":"OFF","ForceResponseType":"ON","Type":"None"}},"Language":[],"NextChoiceId":4,"NextAnswerId":1,"QuestionID":"QID10"}},{"SurveyID":"SV_3C3oA7KPNcvwhPn","Element":"SQ","PrimaryAttribute":"QID12","SecondaryAttribute":"Click to write the question text","TertiaryAttribute":null,"Payload":{"QuestionText":"Click to write the question text","DefaultChoices":false,"DataExportTag":"Q12","QuestionType":"MC","Selector":"SAVR","SubSelector":"TX","Configuration":{"QuestionDescriptionOption":"UseText"},"QuestionDescription":"Click to write the question text","Choices":{"1":{"Display":"Good"},"2":{"Display":"Click to write Choice 2"},"3":{"Display":"Click to write Choice 3"}},"ChoiceOrder":["1","2","3"],"Validation":{"Settings":{"ForceResponse":"OFF","ForceResponseType":"ON","Type":"None"}},"GradingData":[],"Language":[],"NextChoiceId":4,"NextAnswerId":1,"QuestionID":"QID12","DataVisibility":{"Private":false,"Hidden":false}}},{"SurveyID":"SV_3C3oA7KPNcvwhPn","Element":"RS","PrimaryAttribute":"RS_8iFMeWCzK33hGkt","SecondaryAttribute":"Default Response Set","TertiaryAttribute":null,"Payload":null},{"SurveyID":"SV_3C3oA7KPNcvwhPn","Element":"SQ","PrimaryAttribute":"QID7","SecondaryAttribute":"Did you find everything you were looking for in the ABC retail website?","TertiaryAttribute":null,"Payload":{"QuestionText":"Did you find everything you were looking for in the ABC retail website?","DefaultChoices":false,"DataExportTag":"Q2","QuestionType":"MC","Selector":"SAVR","SubSelector":"TX","Configuration":{"QuestionDescriptionOption":"UseText"},"QuestionDescription":"Did you find everything you were looking for in the ABC retail website?","Choices":{"1":{"Display":"Yes"},"2":{"Display":"No"}},"ChoiceOrder":["1","2"],"Validation":{"Settings":{"ForceResponse":"OFF","ForceResponseType":"ON","Type":"None"}},"GradingData":[],"Language":[],"NextChoiceId":5,"NextAnswerId":1,"QuestionID":"QID7","DataVisibility":{"Private":false,"Hidden":false},"QuestionText_Unsafe":"Did you find everything you were looking for in the ABC retail website?","RecodeValues":{"1":"1","2":"2"}}},{"SurveyID":"SV_3C3oA7KPNcvwhPn","Element":"SQ","PrimaryAttribute":"QID6","SecondaryAttribute":"Do you love col","TertiaryAttribute":null,"Payload":{"QuestionText":"Do you love col","DataExportTag":"Q6","QuestionType":"MC","Selector":"SAVR","SubSelector":"TX","Configuration":{"QuestionDescriptionOption":"UseText"},"QuestionDescription":"Do you love col","Choices":{"1":{"Display":"Click to write Choice 1"},"2":{"Display":"Click to write Choice 2"},"3":{"Display":"Click to write Choice 3"}},"ChoiceOrder":["1","2","3"],"Validation":{"Settings":{"ForceResponse":"OFF","ForceResponseType":"ON","Type":"None"}},"Language":[],"NextChoiceId":4,"NextAnswerId":1,"QuestionID":"QID6"}},{"SurveyID":"SV_3C3oA7KPNcvwhPn","Element":"SQ","PrimaryAttribute":"QID14","SecondaryAttribute":"How did you like or latest seasonal collection?","TertiaryAttribute":null,"Payload":{"QuestionText":"How did you like or latest seasonal collection?","DefaultChoices":false,"DataExportTag":"Q3","QuestionType":"MC","Selector":"SAVR","SubSelector":"TX","Configuration":{"QuestionDescriptionOption":"UseText"},"QuestionDescription":"How did you like or latest seasonal collection?","Choices":{"31":{"Display":"Click to write Choice 1"},"32":{"Display":"Click to write Choice 2"},"33":{"Display":"Click to write Choice 3"}},"ChoiceOrder":["31","32","33"],"Validation":{"Settings":{"ForceResponse":"OFF","ForceResponseType":"ON","Type":"None"}},"GradingData":[],"Language":[],"NextChoiceId":34,"NextAnswerId":1,"QuestionID":"QID14","DataVisibility":{"Private":false,"Hidden":false},"QuestionText_Unsafe":"How did you like or latest seasonal collection?","RecodeValues":{"31":"1","32":"2","33":"3"}}},{"SurveyID":"SV_3C3oA7KPNcvwhPn","Element":"SQ","PrimaryAttribute":"QID15","SecondaryAttribute":"How did you like or latest seasonal collection?","TertiaryAttribute":null,"Payload":{"QuestionText":"How did you like or latest seasonal collection?","DefaultChoices":false,"DataExportTag":"Q15","QuestionType":"MC","Selector":"SAVR","SubSelector":"TX","Configuration":{"QuestionDescriptionOption":"UseText"},"QuestionDescription":"How did you like or latest seasonal collection?","Choices":{"4":{"Display":"Click to write Choice 1"}},"ChoiceOrder":["4"],"Validation":{"Settings":{"ForceResponse":"OFF","ForceResponseType":"ON","Type":"None"}},"GradingData":[],"Language":[],"NextChoiceId":5,"NextAnswerId":1,"QuestionID":"QID15"}},{"SurveyID":"SV_3C3oA7KPNcvwhPn","Element":"SQ","PrimaryAttribute":"QID16","SecondaryAttribute":"How did you like or latest seasonal collection?","TertiaryAttribute":null,"Payload":{"QuestionText":"How did you like or latest seasonal collection?","DefaultChoices":false,"DataExportTag":"Q3","QuestionType":"MC","Selector":"SAVR","SubSelector":"TX","Configuration":{"QuestionDescriptionOption":"UseText"},"QuestionDescription":"How did you like or latest seasonal collection?","Choices":{"1":{"Display":"Below Average"},"2":{"Display":"Average"},"3":{"Display":"Above Average"}},"ChoiceOrder":["1","2","3"],"Validation":{"Settings":{"ForceResponse":"OFF","ForceResponseType":"ON","Type":"None"}},"GradingData":[],"Language":[],"NextChoiceId":4,"NextAnswerId":1,"QuestionID":"QID16","QuestionText_Unsafe":"How did you like or latest seasonal collection?"}},{"SurveyID":"SV_3C3oA7KPNcvwhPn","Element":"SQ","PrimaryAttribute":"QID1","SecondaryAttribute":"How did you like our latest season collection?","TertiaryAttribute":null,"Payload":{"QuestionText":"<p>How did you like our latest season collection?<\/p><p><br><\/p>","DataExportTag":"Q3","QuestionType":"MC","Selector":"SAVR","SubSelector":"TX","Configuration":{"QuestionDescriptionOption":"UseText"},"QuestionDescription":"How did you like our latest season collection?","Choices":{"8":{"Display":"Click to write Choice 1"}},"ChoiceOrder":["8"],"Validation":{"Settings":{"ForceResponse":"OFF","ForceResponseType":"ON","Type":"None"}},"Language":[],"NextChoiceId":9,"NextAnswerId":1,"QuestionID":"QID1","QuestionText_Unsafe":"<p>How did you like our latest season collection?<\/p><p><br><\/p>","DataVisibility":{"Private":false,"Hidden":false},"DefaultChoices":false,"GradingData":[]}},{"SurveyID":"SV_3C3oA7KPNcvwhPn","Element":"SQ","PrimaryAttribute":"QID11","SecondaryAttribute":"How did you like our latest season collection?","TertiaryAttribute":null,"Payload":{"QuestionText":"How did you like our latest season collection?<div><br><\/div>","DefaultChoices":false,"DataExportTag":"Q11","QuestionType":"MC","Selector":"SAVR","SubSelector":"TX","Configuration":{"QuestionDescriptionOption":"UseText"},"QuestionDescription":"How did you like our latest season collection?","Choices":{"1":{"Display":"Click to write Choice 1"},"2":{"Display":"Click to write Choice 2"},"3":{"Display":"Click to write Choice 3"}},"ChoiceOrder":["1","2","3"],"Validation":{"Settings":{"ForceResponse":"OFF","ForceResponseType":"ON","Type":"None"}},"GradingData":[],"Language":[],"NextChoiceId":5,"NextAnswerId":1,"QuestionID":"QID11"}},{"SurveyID":"SV_3C3oA7KPNcvwhPn","Element":"SQ","PrimaryAttribute":"QID13","SecondaryAttribute":"How did you like our latest seasonal collection?","TertiaryAttribute":null,"Payload":{"QuestionText":"How did you like our latest seasonal collection?","DefaultChoices":false,"DataExportTag":"Q3","QuestionType":"MC","Selector":"SAVR","SubSelector":"TX","Configuration":{"QuestionDescriptionOption":"UseText","Autoscale":{"YScale":{"Name":"average","Type":"likert","Reverse":false}}},"QuestionDescription":"How did you like our latest seasonal collection?","Choices":{"30":{"Display":"Above average"},"31":{"Display":"Average"},"32":{"Display":"Below average"}},"ChoiceOrder":["30","31","32"],"Validation":{"Settings":{"ForceResponse":"OFF","ForceResponseType":"ON","Type":"None"}},"GradingData":[],"Language":[],"NextChoiceId":33,"NextAnswerId":1,"QuestionID":"QID13","QuestionText_Unsafe":"How did you like our latest seasonal collection?","DataVisibility":{"Private":false,"Hidden":false},"RecodeValues":{"30":"1","31":"2","32":"3"}}},{"SurveyID":"SV_3C3oA7KPNcvwhPn","Element":"SQ","PrimaryAttribute":"QID5","SecondaryAttribute":"If there are any additional comments please let us know. ","TertiaryAttribute":null,"Payload":{"QuestionText":"If there are any additional comments please let us know.&nbsp;","DefaultChoices":false,"DataExportTag":"Q4","QuestionType":"TE","Selector":"SL","Configuration":{"QuestionDescriptionOption":"UseText"},"QuestionDescription":"If there are any additional comments please let us know. ","Validation":{"Settings":{"ForceResponse":"OFF","ForceResponseType":"ON","Type":"None"}},"GradingData":[],"Language":[],"NextChoiceId":4,"NextAnswerId":1,"SearchSource":{"AllowFreeResponse":"false"},"QuestionID":"QID5","QuestionText_Unsafe":"If there are any additional comments please let us know.&nbsp;","DataVisibility":{"Private":false,"Hidden":false}}},{"SurveyID":"SV_3C3oA7KPNcvwhPn","Element":"SQ","PrimaryAttribute":"QID8","SecondaryAttribute":"On a scale from 0-10, how likely are you to recommend ABC Retail to a friend or colleague?","TertiaryAttribute":null,"Payload":{"QuestionText":"On a scale from 0-10, how likely are you to recommend ABC Retail to a friend or colleague?","DefaultChoices":false,"DataExportTag":"Q1","QuestionType":"MC","Selector":"NPS","Configuration":{"QuestionDescriptionOption":"UseText"},"QuestionDescription":"On a scale from 0-10, how likely are you to recommend ABC Retail to a friend or colleague?","Choices":[{"Display":"0"},{"Display":"1"},{"Display":"2"},{"Display":"3"},{"Display":"4"},{"Display":"5"},{"Display":"6"},{"Display":"7"},{"Display":"8"},{"Display":"9"},{"Display":"10"}],"ChoiceOrder":["0","1","2","3","4","5","6","7","8","9","10"],"Validation":{"Settings":{"ForceResponse":"OFF","ForceResponseType":"ON","Type":"None"}},"GradingData":[],"Language":[],"NextChoiceId":11,"NextAnswerId":1,"ColumnLabels":[{"Display":"Not at all likely","IsLabelDefault":true},{"Display":"Extremely likely","IsLabelDefault":true}],"QuestionID":"QID8","QuestionText_Unsafe":"On a scale from 0-10, how likely are you to recommend ABC Retail to a friend or colleague?","DataVisibility":{"Private":false,"Hidden":false},"RecodeValues":["1","2","3","4","5","6","7","8","9","10","11"]}},{"SurveyID":"SV_3C3oA7KPNcvwhPn","Element":"SQ","PrimaryAttribute":"QID2","SecondaryAttribute":"Tell me why it's your favorite color","TertiaryAttribute":null,"Payload":{"QuestionText":"<p><span class=\"cm-s-neo\" style=\"margin-top: 0px !important;\"><span class=\"cm-string\" style=\"color: rgb(179, 94, 20);\">Tell me why it's your favorite color<\/span><\/span><\/p>","DataExportTag":"Q2","QuestionType":"MC","Selector":"SAVR","SubSelector":"TX","Configuration":{"QuestionDescriptionOption":"UseText"},"QuestionDescription":"Tell me why it's your favorite color","Choices":{"1":{"Display":"Click to write Choice 1"},"2":{"Display":"Click to write Choice 2"},"3":{"Display":"Click to write Choice 3"}},"ChoiceOrder":["1","2","3"],"Validation":{"Settings":{"ForceResponse":"OFF","ForceResponseType":"ON","Type":"None"}},"Language":[],"NextChoiceId":4,"NextAnswerId":1,"QuestionID":"QID2"}},{"SurveyID":"SV_3C3oA7KPNcvwhPn","Element":"SQ","PrimaryAttribute":"QID4","SecondaryAttribute":"Thanks for taking this survey. Please answer the following questions.","TertiaryAttribute":null,"Payload":{"QuestionText":"<p>Thanks for taking this survey. Please answer the following questions.<\/p>","DefaultChoices":false,"DataExportTag":"Q1","QuestionType":"DB","Selector":"TB","Configuration":{"QuestionDescriptionOption":"UseText"},"QuestionDescription":"Thanks for taking this survey. Please answer the following questions.","ChoiceOrder":[],"Validation":{"Settings":{"Type":"None"}},"GradingData":[],"Language":[],"NextChoiceId":4,"NextAnswerId":1,"QuestionID":"QID4","QuestionText_Unsafe":"<p><span class=\"cm-s-neo\" style=\"margin-top: 0px !important;\"><span class=\"cm-string\" style=\"color: rgb(179, 94, 20);\">Thanks for taking this survey. Please answer the following questions.\"<\/span><\/span><\/p>","DataVisibility":{"Private":false,"Hidden":false}}},{"SurveyID":"SV_3C3oA7KPNcvwhPn","Element":"TR","PrimaryAttribute":"OC_3s5Q3qUdzOrZOi5","SecondaryAttribute":null,"TertiaryAttribute":"OnSurveyResponse","Payload":{"Name":"New Action","EventType":"OnSurveyResponse","Type":"OnSurveyComplete","LogicV2":{"type":"always","children":[]},"EventData":{"fields":[]},"eventContext":{"operations":["CREATE"]},"TriggerAction":"Outcome"}}]}